{
    "requires": true,
    "lockfileVersion": 1,
    "dependencies": {
        "@algolia/autocomplete-core": {
            "version": "1.5.0",
            "resolved": "https://registry.npmjs.org/@algolia/autocomplete-core/-/autocomplete-core-1.5.0.tgz",
            "integrity": "sha512-E7+VJwcvwMM8vPeaVn7fNUgix8WHV8A1WUeHDi2KHemCaaGc8lvUnP3QnvhMxiDhTe7OpMEv4o2TBUMyDgThaw==",
            "requires": {
                "@algolia/autocomplete-shared": "1.5.0"
            }
        },
        "@algolia/autocomplete-preset-algolia": {
            "version": "1.5.0",
            "resolved": "https://registry.npmjs.org/@algolia/autocomplete-preset-algolia/-/autocomplete-preset-algolia-1.5.0.tgz",
            "integrity": "sha512-iiFxKERGHkvkiupmrFJbvESpP/zv5jSgH714XRiP5LDvUHaYOo4GLAwZCFf2ef/L5tdtPBARvekn6k1Xf33gjA==",
            "requires": {
                "@algolia/autocomplete-shared": "1.5.0"
            }
        },
        "@algolia/autocomplete-shared": {
            "version": "1.5.0",
            "resolved": "https://registry.npmjs.org/@algolia/autocomplete-shared/-/autocomplete-shared-1.5.0.tgz",
            "integrity": "sha512-bRSkqHHHSwZYbFY3w9hgMyQRm86Wz27bRaGCbNldLfbk0zUjApmE4ajx+ZCVSLqxvcUEjMqZFJzDsder12eKsg=="
        },
        "@algolia/cache-browser-local-storage": {
            "version": "4.12.1",
            "resolved": "https://registry.npmjs.org/@algolia/cache-browser-local-storage/-/cache-browser-local-storage-4.12.1.tgz",
            "integrity": "sha512-ERFFOnC9740xAkuO0iZTQqm2AzU7Dpz/s+g7o48GlZgx5p9GgNcsuK5eS0GoW/tAK+fnKlizCtlFHNuIWuvfsg==",
            "requires": {
                "@algolia/cache-common": "4.12.1"
            }
        },
        "@algolia/cache-common": {
            "version": "4.12.1",
            "resolved": "https://registry.npmjs.org/@algolia/cache-common/-/cache-common-4.12.1.tgz",
            "integrity": "sha512-UugTER3V40jT+e19Dmph5PKMeliYKxycNPwrPNADin0RcWNfT2QksK9Ff2N2W7UKraqMOzoeDb4LAJtxcK1a8Q=="
        },
        "@algolia/cache-in-memory": {
            "version": "4.12.1",
            "resolved": "https://registry.npmjs.org/@algolia/cache-in-memory/-/cache-in-memory-4.12.1.tgz",
            "integrity": "sha512-U6iaunaxK1lHsAf02UWF58foKFEcrVLsHwN56UkCtwn32nlP9rz52WOcHsgk6TJrL8NDcO5swMjtOQ5XHESFLw==",
            "requires": {
                "@algolia/cache-common": "4.12.1"
            }
        },
        "@algolia/client-account": {
            "version": "4.12.1",
            "resolved": "https://registry.npmjs.org/@algolia/client-account/-/client-account-4.12.1.tgz",
            "integrity": "sha512-jGo4ConJNoMdTCR2zouO0jO/JcJmzOK6crFxMMLvdnB1JhmMbuIKluOTJVlBWeivnmcsqb7r0v7qTCPW5PAyxQ==",
            "requires": {
                "@algolia/client-common": "4.12.1",
                "@algolia/client-search": "4.12.1",
                "@algolia/transporter": "4.12.1"
            }
        },
        "@algolia/client-analytics": {
            "version": "4.12.1",
            "resolved": "https://registry.npmjs.org/@algolia/client-analytics/-/client-analytics-4.12.1.tgz",
            "integrity": "sha512-h1It7KXzIthlhuhfBk7LteYq72tym9maQDUsyRW0Gft8b6ZQahnRak9gcCvKwhcJ1vJoP7T7JrNYGiYSicTD9g==",
            "requires": {
                "@algolia/client-common": "4.12.1",
                "@algolia/client-search": "4.12.1",
                "@algolia/requester-common": "4.12.1",
                "@algolia/transporter": "4.12.1"
            }
        },
        "@algolia/client-common": {
            "version": "4.12.1",
            "resolved": "https://registry.npmjs.org/@algolia/client-common/-/client-common-4.12.1.tgz",
            "integrity": "sha512-obnJ8eSbv+h94Grk83DTGQ3bqhViSWureV6oK1s21/KMGWbb3DkduHm+lcwFrMFkjSUSzosLBHV9EQUIBvueTw==",
            "requires": {
                "@algolia/requester-common": "4.12.1",
                "@algolia/transporter": "4.12.1"
            }
        },
        "@algolia/client-personalization": {
            "version": "4.12.1",
            "resolved": "https://registry.npmjs.org/@algolia/client-personalization/-/client-personalization-4.12.1.tgz",
            "integrity": "sha512-sMSnjjPjRgByGHYygV+5L/E8a6RgU7l2GbpJukSzJ9GRY37tHmBHuvahv8JjdCGJ2p7QDYLnQy5bN5Z02qjc7Q==",
            "requires": {
                "@algolia/client-common": "4.12.1",
                "@algolia/requester-common": "4.12.1",
                "@algolia/transporter": "4.12.1"
            }
        },
        "@algolia/client-search": {
            "version": "4.12.1",
            "resolved": "https://registry.npmjs.org/@algolia/client-search/-/client-search-4.12.1.tgz",
            "integrity": "sha512-MwwKKprfY6X2nJ5Ki/ccXM2GDEePvVjZnnoOB2io3dLKW4fTqeSRlC5DRXeFD7UM0vOPPHr4ItV2aj19APKNVQ==",
            "requires": {
                "@algolia/client-common": "4.12.1",
                "@algolia/requester-common": "4.12.1",
                "@algolia/transporter": "4.12.1"
            }
        },
        "@algolia/logger-common": {
            "version": "4.12.1",
            "resolved": "https://registry.npmjs.org/@algolia/logger-common/-/logger-common-4.12.1.tgz",
            "integrity": "sha512-fCgrzlXGATNqdFTxwx0GsyPXK+Uqrx1SZ3iuY2VGPPqdt1a20clAG2n2OcLHJpvaa6vMFPlJyWvbqAgzxdxBlQ=="
        },
        "@algolia/logger-console": {
            "version": "4.12.1",
            "resolved": "https://registry.npmjs.org/@algolia/logger-console/-/logger-console-4.12.1.tgz",
            "integrity": "sha512-0owaEnq/davngQMYqxLA4KrhWHiXujQ1CU3FFnyUcMyBR7rGHI48zSOUpqnsAXrMBdSH6rH5BDkSUUFwsh8RkQ==",
            "requires": {
                "@algolia/logger-common": "4.12.1"
            }
        },
        "@algolia/requester-browser-xhr": {
            "version": "4.12.1",
            "resolved": "https://registry.npmjs.org/@algolia/requester-browser-xhr/-/requester-browser-xhr-4.12.1.tgz",
            "integrity": "sha512-OaMxDyG0TZG0oqz1lQh9e3woantAG1bLnuwq3fmypsrQxra4IQZiyn1x+kEb69D2TcXApI5gOgrD4oWhtEVMtw==",
            "requires": {
                "@algolia/requester-common": "4.12.1"
            }
        },
        "@algolia/requester-common": {
            "version": "4.12.1",
            "resolved": "https://registry.npmjs.org/@algolia/requester-common/-/requester-common-4.12.1.tgz",
            "integrity": "sha512-XWIrWQNJ1vIrSuL/bUk3ZwNMNxl+aWz6dNboRW6+lGTcMIwc3NBFE90ogbZKhNrFRff8zI4qCF15tjW+Fyhpow=="
        },
        "@algolia/requester-node-http": {
            "version": "4.12.1",
            "resolved": "https://registry.npmjs.org/@algolia/requester-node-http/-/requester-node-http-4.12.1.tgz",
            "integrity": "sha512-awBtwaD+s0hxkA1aehYn8F0t9wqGoBVWgY4JPHBmp1ChO3pK7RKnnvnv7QQa9vTlllX29oPt/BBVgMo1Z3n1Qg==",
            "requires": {
                "@algolia/requester-common": "4.12.1"
            }
        },
        "@algolia/transporter": {
            "version": "4.12.1",
            "resolved": "https://registry.npmjs.org/@algolia/transporter/-/transporter-4.12.1.tgz",
            "integrity": "sha512-BGeNgdEHc6dXIk2g8kdlOoQ6fQ6OIaKQcplEj7HPoi+XZUeAvRi3Pff3QWd7YmybWkjzd9AnTzieTASDWhL+sQ==",
            "requires": {
                "@algolia/cache-common": "4.12.1",
                "@algolia/logger-common": "4.12.1",
                "@algolia/requester-common": "4.12.1"
            }
        },
        "@docsearch/css": {
            "version": "3.0.0-alpha.42",
            "resolved": "https://registry.npmjs.org/@docsearch/css/-/css-3.0.0-alpha.42.tgz",
            "integrity": "sha512-AGwI2AXUacYhVOHmYnsXoYDJKO6Ued2W+QO80GERbMLhC7GH5tfvtW5REs/s7jSdcU3vzFoxT8iPDBCh/PkrlQ=="
        },
        "@docsearch/js": {
            "version": "3.0.0-alpha.42",
            "resolved": "https://registry.npmjs.org/@docsearch/js/-/js-3.0.0-alpha.42.tgz",
            "integrity": "sha512-8rxxsvFKS5GzDX2MYMETeib4EOwAkoxVUHFP5R4tSENXojhuCEy3np+k3Q0c9WPT+MUmWLxKJab5jyl0jmaeBQ==",
            "requires": {
                "@docsearch/react": "3.0.0-alpha.42",
                "preact": "^10.0.0"
            }
        },
        "@docsearch/react": {
            "version": "3.0.0-alpha.42",
            "resolved": "https://registry.npmjs.org/@docsearch/react/-/react-3.0.0-alpha.42.tgz",
            "integrity": "sha512-1aOslZJDxwUUcm2QRNmlEePUgL8P5fOAeFdOLDMctHQkV2iTja9/rKVbkP8FZbIUnZxuuCCn8ErLrjD/oXWOag==",
            "requires": {
                "@algolia/autocomplete-core": "1.5.0",
                "@algolia/autocomplete-preset-algolia": "1.5.0",
                "@docsearch/css": "3.0.0-alpha.42",
                "algoliasearch": "^4.0.0"
            }
        },
        "algoliasearch": {
            "version": "4.12.1",
            "resolved": "https://registry.npmjs.org/algoliasearch/-/algoliasearch-4.12.1.tgz",
            "integrity": "sha512-c0dM1g3zZBJrkzE5GA/Nu1y3fFxx3LCzxKzcmp2dgGS8P4CjszB/l3lsSh2MSrrK1Hn/KV4BlbBMXtYgG1Bfrw==",
            "requires": {
                "@algolia/cache-browser-local-storage": "4.12.1",
                "@algolia/cache-common": "4.12.1",
                "@algolia/cache-in-memory": "4.12.1",
                "@algolia/client-account": "4.12.1",
                "@algolia/client-analytics": "4.12.1",
                "@algolia/client-common": "4.12.1",
                "@algolia/client-personalization": "4.12.1",
                "@algolia/client-search": "4.12.1",
                "@algolia/logger-common": "4.12.1",
                "@algolia/logger-console": "4.12.1",
                "@algolia/requester-browser-xhr": "4.12.1",
                "@algolia/requester-common": "4.12.1",
                "@algolia/requester-node-http": "4.12.1",
                "@algolia/transporter": "4.12.1"
            }
        },
        "preact": {
            "version": "10.6.5",
            "resolved": "https://registry.npmjs.org/preact/-/preact-10.6.5.tgz",
            "integrity": "sha512-i+LXM6JiVjQXSt2jG2vZZFapGpCuk1fl8o6ii3G84MA3xgj686FKjs4JFDkmUVhtxyq21+4ay74zqPykz9hU6w=="
        }
    }
}
